// !$*UTF8*$!
{
	archiveVersion = 1;
	classes = {
	};
	objectVersion = 46;
	objects = {

/* Begin PBXBuildFile section */
		27287E41190D5048007FCA38 /* UIAlertView+SimplePopupMessage.m in Sources */ = {isa = PBXBuildFile; fileRef = 27287E40190D5048007FCA38 /* UIAlertView+SimplePopupMessage.m */; };
		27287E45190D55A6007FCA38 /* MMFTest.m in Sources */ = {isa = PBXBuildFile; fileRef = 27287E44190D55A6007FCA38 /* MMFTest.m */; };
		2780B14A1930408900E0DF53 /* MMFGameSettings.m in Sources */ = {isa = PBXBuildFile; fileRef = 2780B1491930408900E0DF53 /* MMFGameSettings.m */; };
		2780B14D1930CCDA00E0DF53 /* MMFGameSettingsViewController.m in Sources */ = {isa = PBXBuildFile; fileRef = 2780B14C1930CCDA00E0DF53 /* MMFGameSettingsViewController.m */; };
		27DE577519089B8300F01542 /* Foundation.framework in Frameworks */ = {isa = PBXBuildFile; fileRef = 27DE577419089B8300F01542 /* Foundation.framework */; };
		27DE577719089B8300F01542 /* CoreGraphics.framework in Frameworks */ = {isa = PBXBuildFile; fileRef = 27DE577619089B8300F01542 /* CoreGraphics.framework */; };
		27DE577919089B8300F01542 /* UIKit.framework in Frameworks */ = {isa = PBXBuildFile; fileRef = 27DE577819089B8300F01542 /* UIKit.framework */; };
		27DE577B19089B8300F01542 /* CoreData.framework in Frameworks */ = {isa = PBXBuildFile; fileRef = 27DE577A19089B8300F01542 /* CoreData.framework */; };
		27DE578119089B8300F01542 /* InfoPlist.strings in Resources */ = {isa = PBXBuildFile; fileRef = 27DE577F19089B8300F01542 /* InfoPlist.strings */; };
		27DE578319089B8300F01542 /* main.m in Sources */ = {isa = PBXBuildFile; fileRef = 27DE578219089B8300F01542 /* main.m */; };
		27DE578719089B8300F01542 /* MMFAppDelegate.m in Sources */ = {isa = PBXBuildFile; fileRef = 27DE578619089B8300F01542 /* MMFAppDelegate.m */; };
		27DE578A19089B8300F01542 /* MMFFlashCardTime.xcdatamodeld in Sources */ = {isa = PBXBuildFile; fileRef = 27DE578819089B8300F01542 /* MMFFlashCardTime.xcdatamodeld */; };
		27DE578C19089B8300F01542 /* Images.xcassets in Resources */ = {isa = PBXBuildFile; fileRef = 27DE578B19089B8300F01542 /* Images.xcassets */; };
		27DE579319089B8300F01542 /* XCTest.framework in Frameworks */ = {isa = PBXBuildFile; fileRef = 27DE579219089B8300F01542 /* XCTest.framework */; };
		27DE579419089B8300F01542 /* Foundation.framework in Frameworks */ = {isa = PBXBuildFile; fileRef = 27DE577419089B8300F01542 /* Foundation.framework */; };
		27DE579519089B8300F01542 /* UIKit.framework in Frameworks */ = {isa = PBXBuildFile; fileRef = 27DE577819089B8300F01542 /* UIKit.framework */; };
		27DE579619089B8300F01542 /* CoreData.framework in Frameworks */ = {isa = PBXBuildFile; fileRef = 27DE577A19089B8300F01542 /* CoreData.framework */; };
		27DE579E19089B8300F01542 /* InfoPlist.strings in Resources */ = {isa = PBXBuildFile; fileRef = 27DE579C19089B8300F01542 /* InfoPlist.strings */; };
		27DE57A019089B8300F01542 /* MMFFlashCardTimeTests.m in Sources */ = {isa = PBXBuildFile; fileRef = 27DE579F19089B8300F01542 /* MMFFlashCardTimeTests.m */; };
		27DE57AA19089BA300F01542 /* Storyboard.storyboard in Resources */ = {isa = PBXBuildFile; fileRef = 27DE57A919089BA300F01542 /* Storyboard.storyboard */; };
		27DE57AD19089BE200F01542 /* MMFMainViewController.m in Sources */ = {isa = PBXBuildFile; fileRef = 27DE57AC19089BE200F01542 /* MMFMainViewController.m */; };
		27DE57B319089CD300F01542 /* MMFDataController.m in Sources */ = {isa = PBXBuildFile; fileRef = 27DE57B219089CD300F01542 /* MMFDataController.m */; };
		27DE57B61908A0FA00F01542 /* MMFProblemViewController.m in Sources */ = {isa = PBXBuildFile; fileRef = 27DE57B51908A0FA00F01542 /* MMFProblemViewController.m */; };
		27DE57B91908A4B700F01542 /* MMFCompletedViewController.m in Sources */ = {isa = PBXBuildFile; fileRef = 27DE57B81908A4B700F01542 /* MMFCompletedViewController.m */; };
		27ECD9F5190C9F1A006D96DD /* MMFProblem.m in Sources */ = {isa = PBXBuildFile; fileRef = 27ECD9F4190C9F1A006D96DD /* MMFProblem.m */; };
/* End PBXBuildFile section */

/* Begin PBXContainerItemProxy section */
		27DE579719089B8300F01542 /* PBXContainerItemProxy */ = {
			isa = PBXContainerItemProxy;
			containerPortal = 27DE576919089B8300F01542 /* Project object */;
			proxyType = 1;
			remoteGlobalIDString = 27DE577019089B8300F01542;
			remoteInfo = MMFFlashCardTime;
		};
/* End PBXContainerItemProxy section */

/* Begin PBXFileReference section */
		27287E3F190D5048007FCA38 /* UIAlertView+SimplePopupMessage.h */ = {isa = PBXFileReference; fileEncoding = 4; lastKnownFileType = sourcecode.c.h; path = "UIAlertView+SimplePopupMessage.h"; sourceTree = "<group>"; };
		27287E40190D5048007FCA38 /* UIAlertView+SimplePopupMessage.m */ = {isa = PBXFileReference; fileEncoding = 4; lastKnownFileType = sourcecode.c.objc; path = "UIAlertView+SimplePopupMessage.m"; sourceTree = "<group>"; };
		27287E43190D55A6007FCA38 /* MMFTest.h */ = {isa = PBXFileReference; fileEncoding = 4; lastKnownFileType = sourcecode.c.h; path = MMFTest.h; sourceTree = "<group>"; };
		27287E44190D55A6007FCA38 /* MMFTest.m */ = {isa = PBXFileReference; fileEncoding = 4; lastKnownFileType = sourcecode.c.objc; path = MMFTest.m; sourceTree = "<group>"; };
		2780B1481930408900E0DF53 /* MMFGameSettings.h */ = {isa = PBXFileReference; fileEncoding = 4; lastKnownFileType = sourcecode.c.h; path = MMFGameSettings.h; sourceTree = "<group>"; };
		2780B1491930408900E0DF53 /* MMFGameSettings.m */ = {isa = PBXFileReference; fileEncoding = 4; lastKnownFileType = sourcecode.c.objc; path = MMFGameSettings.m; sourceTree = "<group>"; };
		2780B14B1930CCDA00E0DF53 /* MMFGameSettingsViewController.h */ = {isa = PBXFileReference; fileEncoding = 4; lastKnownFileType = sourcecode.c.h; path = MMFGameSettingsViewController.h; sourceTree = "<group>"; };
		2780B14C1930CCDA00E0DF53 /* MMFGameSettingsViewController.m */ = {isa = PBXFileReference; fileEncoding = 4; lastKnownFileType = sourcecode.c.objc; path = MMFGameSettingsViewController.m; sourceTree = "<group>"; };
		27DE577119089B8300F01542 /* MMFFlashCardTime.app */ = {isa = PBXFileReference; explicitFileType = wrapper.application; includeInIndex = 0; path = MMFFlashCardTime.app; sourceTree = BUILT_PRODUCTS_DIR; };
		27DE577419089B8300F01542 /* Foundation.framework */ = {isa = PBXFileReference; lastKnownFileType = wrapper.framework; name = Foundation.framework; path = System/Library/Frameworks/Foundation.framework; sourceTree = SDKROOT; };
		27DE577619089B8300F01542 /* CoreGraphics.framework */ = {isa = PBXFileReference; lastKnownFileType = wrapper.framework; name = CoreGraphics.framework; path = System/Library/Frameworks/CoreGraphics.framework; sourceTree = SDKROOT; };
		27DE577819089B8300F01542 /* UIKit.framework */ = {isa = PBXFileReference; lastKnownFileType = wrapper.framework; name = UIKit.framework; path = System/Library/Frameworks/UIKit.framework; sourceTree = SDKROOT; };
		27DE577A19089B8300F01542 /* CoreData.framework */ = {isa = PBXFileReference; lastKnownFileType = wrapper.framework; name = CoreData.framework; path = System/Library/Frameworks/CoreData.framework; sourceTree = SDKROOT; };
		27DE577E19089B8300F01542 /* MMFFlashCardTime-Info.plist */ = {isa = PBXFileReference; lastKnownFileType = text.plist.xml; path = "MMFFlashCardTime-Info.plist"; sourceTree = "<group>"; };
		27DE578019089B8300F01542 /* en */ = {isa = PBXFileReference; lastKnownFileType = text.plist.strings; name = en; path = en.lproj/InfoPlist.strings; sourceTree = "<group>"; };
		27DE578219089B8300F01542 /* main.m */ = {isa = PBXFileReference; lastKnownFileType = sourcecode.c.objc; path = main.m; sourceTree = "<group>"; };
		27DE578419089B8300F01542 /* MMFFlashCardTime-Prefix.pch */ = {isa = PBXFileReference; lastKnownFileType = sourcecode.c.h; path = "MMFFlashCardTime-Prefix.pch"; sourceTree = "<group>"; };
		27DE578519089B8300F01542 /* MMFAppDelegate.h */ = {isa = PBXFileReference; lastKnownFileType = sourcecode.c.h; name = MMFAppDelegate.h; path = MMFFlashCardTime/MMFAppDelegate.h; sourceTree = "<group>"; };
		27DE578619089B8300F01542 /* MMFAppDelegate.m */ = {isa = PBXFileReference; lastKnownFileType = sourcecode.c.objc; name = MMFAppDelegate.m; path = MMFFlashCardTime/MMFAppDelegate.m; sourceTree = "<group>"; };
		27DE578919089B8300F01542 /* MMFFlashCardTime.xcdatamodel */ = {isa = PBXFileReference; lastKnownFileType = wrapper.xcdatamodel; path = MMFFlashCardTime.xcdatamodel; sourceTree = "<group>"; };
		27DE578B19089B8300F01542 /* Images.xcassets */ = {isa = PBXFileReference; lastKnownFileType = folder.assetcatalog; path = Images.xcassets; sourceTree = "<group>"; };
		27DE579119089B8300F01542 /* MMFFlashCardTimeTests.xctest */ = {isa = PBXFileReference; explicitFileType = wrapper.cfbundle; includeInIndex = 0; path = MMFFlashCardTimeTests.xctest; sourceTree = BUILT_PRODUCTS_DIR; };
		27DE579219089B8300F01542 /* XCTest.framework */ = {isa = PBXFileReference; lastKnownFileType = wrapper.framework; name = XCTest.framework; path = Library/Frameworks/XCTest.framework; sourceTree = DEVELOPER_DIR; };
		27DE579B19089B8300F01542 /* MMFFlashCardTimeTests-Info.plist */ = {isa = PBXFileReference; lastKnownFileType = text.plist.xml; path = "MMFFlashCardTimeTests-Info.plist"; sourceTree = "<group>"; };
		27DE579D19089B8300F01542 /* en */ = {isa = PBXFileReference; lastKnownFileType = text.plist.strings; name = en; path = en.lproj/InfoPlist.strings; sourceTree = "<group>"; };
		27DE579F19089B8300F01542 /* MMFFlashCardTimeTests.m */ = {isa = PBXFileReference; lastKnownFileType = sourcecode.c.objc; path = MMFFlashCardTimeTests.m; sourceTree = "<group>"; };
		27DE57A919089BA300F01542 /* Storyboard.storyboard */ = {isa = PBXFileReference; fileEncoding = 4; lastKnownFileType = file.storyboard; path = Storyboard.storyboard; sourceTree = "<group>"; };
		27DE57AB19089BE200F01542 /* MMFMainViewController.h */ = {isa = PBXFileReference; fileEncoding = 4; lastKnownFileType = sourcecode.c.h; path = MMFMainViewController.h; sourceTree = "<group>"; };
		27DE57AC19089BE200F01542 /* MMFMainViewController.m */ = {isa = PBXFileReference; fileEncoding = 4; lastKnownFileType = sourcecode.c.objc; path = MMFMainViewController.m; sourceTree = "<group>"; };
		27DE57B119089CD300F01542 /* MMFDataController.h */ = {isa = PBXFileReference; fileEncoding = 4; lastKnownFileType = sourcecode.c.h; path = MMFDataController.h; sourceTree = "<group>"; };
		27DE57B219089CD300F01542 /* MMFDataController.m */ = {isa = PBXFileReference; fileEncoding = 4; lastKnownFileType = sourcecode.c.objc; path = MMFDataController.m; sourceTree = "<group>"; };
		27DE57B41908A0FA00F01542 /* MMFProblemViewController.h */ = {isa = PBXFileReference; fileEncoding = 4; lastKnownFileType = sourcecode.c.h; path = MMFProblemViewController.h; sourceTree = "<group>"; };
		27DE57B51908A0FA00F01542 /* MMFProblemViewController.m */ = {isa = PBXFileReference; fileEncoding = 4; lastKnownFileType = sourcecode.c.objc; path = MMFProblemViewController.m; sourceTree = "<group>"; };
		27DE57B71908A4B700F01542 /* MMFCompletedViewController.h */ = {isa = PBXFileReference; fileEncoding = 4; lastKnownFileType = sourcecode.c.h; path = MMFCompletedViewController.h; sourceTree = "<group>"; };
		27DE57B81908A4B700F01542 /* MMFCompletedViewController.m */ = {isa = PBXFileReference; fileEncoding = 4; lastKnownFileType = sourcecode.c.objc; path = MMFCompletedViewController.m; sourceTree = "<group>"; };
		27ECD9F3190C9F1A006D96DD /* MMFProblem.h */ = {isa = PBXFileReference; fileEncoding = 4; lastKnownFileType = sourcecode.c.h; path = MMFProblem.h; sourceTree = "<group>"; };
		27ECD9F4190C9F1A006D96DD /* MMFProblem.m */ = {isa = PBXFileReference; fileEncoding = 4; lastKnownFileType = sourcecode.c.objc; path = MMFProblem.m; sourceTree = "<group>"; };
/* End PBXFileReference section */

/* Begin PBXFrameworksBuildPhase section */
		27DE576E19089B8300F01542 /* Frameworks */ = {
			isa = PBXFrameworksBuildPhase;
			buildActionMask = 2147483647;
			files = (
				27DE577719089B8300F01542 /* CoreGraphics.framework in Frameworks */,
				27DE577B19089B8300F01542 /* CoreData.framework in Frameworks */,
				27DE577919089B8300F01542 /* UIKit.framework in Frameworks */,
				27DE577519089B8300F01542 /* Foundation.framework in Frameworks */,
			);
			runOnlyForDeploymentPostprocessing = 0;
		};
		27DE578E19089B8300F01542 /* Frameworks */ = {
			isa = PBXFrameworksBuildPhase;
			buildActionMask = 2147483647;
			files = (
				27DE579319089B8300F01542 /* XCTest.framework in Frameworks */,
				27DE579619089B8300F01542 /* CoreData.framework in Frameworks */,
				27DE579519089B8300F01542 /* UIKit.framework in Frameworks */,
				27DE579419089B8300F01542 /* Foundation.framework in Frameworks */,
			);
			runOnlyForDeploymentPostprocessing = 0;
		};
/* End PBXFrameworksBuildPhase section */

/* Begin PBXGroup section */
		27287E42190D5052007FCA38 /* Extensions */ = {
			isa = PBXGroup;
			children = (
				27287E3F190D5048007FCA38 /* UIAlertView+SimplePopupMessage.h */,
				27287E40190D5048007FCA38 /* UIAlertView+SimplePopupMessage.m */,
			);
			name = Extensions;
			sourceTree = "<group>";
		};
		27DE576819089B8300F01542 = {
			isa = PBXGroup;
			children = (
				27DE578519089B8300F01542 /* MMFAppDelegate.h */,
				27DE578619089B8300F01542 /* MMFAppDelegate.m */,
				27DE577C19089B8300F01542 /* MMFFlashCardTime */,
				27DE579919089B8300F01542 /* MMFFlashCardTimeTests */,
				27DE577319089B8300F01542 /* Frameworks */,
				27DE577219089B8300F01542 /* Products */,
			);
			sourceTree = "<group>";
		};
		27DE577219089B8300F01542 /* Products */ = {
			isa = PBXGroup;
			children = (
				27DE577119089B8300F01542 /* MMFFlashCardTime.app */,
				27DE579119089B8300F01542 /* MMFFlashCardTimeTests.xctest */,
			);
			name = Products;
			sourceTree = "<group>";
		};
		27DE577319089B8300F01542 /* Frameworks */ = {
			isa = PBXGroup;
			children = (
				27DE577419089B8300F01542 /* Foundation.framework */,
				27DE577619089B8300F01542 /* CoreGraphics.framework */,
				27DE577819089B8300F01542 /* UIKit.framework */,
				27DE577A19089B8300F01542 /* CoreData.framework */,
				27DE579219089B8300F01542 /* XCTest.framework */,
			);
			name = Frameworks;
			sourceTree = "<group>";
		};
		27DE577C19089B8300F01542 /* MMFFlashCardTime */ = {
			isa = PBXGroup;
			children = (
				27287E42190D5052007FCA38 /* Extensions */,
				27DE57B019089CA700F01542 /* Model */,
				27DE57AF19089C9C00F01542 /* Controllers */,
				27DE57AE19089C9000F01542 /* Views */,
				27DE578B19089B8300F01542 /* Images.xcassets */,
				27DE578819089B8300F01542 /* MMFFlashCardTime.xcdatamodeld */,
				27DE577D19089B8300F01542 /* Supporting Files */,
			);
			path = MMFFlashCardTime;
			sourceTree = "<group>";
		};
		27DE577D19089B8300F01542 /* Supporting Files */ = {
			isa = PBXGroup;
			children = (
				27DE577E19089B8300F01542 /* MMFFlashCardTime-Info.plist */,
				27DE577F19089B8300F01542 /* InfoPlist.strings */,
				27DE578219089B8300F01542 /* main.m */,
				27DE578419089B8300F01542 /* MMFFlashCardTime-Prefix.pch */,
			);
			name = "Supporting Files";
			sourceTree = "<group>";
		};
		27DE579919089B8300F01542 /* MMFFlashCardTimeTests */ = {
			isa = PBXGroup;
			children = (
				27DE579F19089B8300F01542 /* MMFFlashCardTimeTests.m */,
				27DE579A19089B8300F01542 /* Supporting Files */,
			);
			path = MMFFlashCardTimeTests;
			sourceTree = "<group>";
		};
		27DE579A19089B8300F01542 /* Supporting Files */ = {
			isa = PBXGroup;
			children = (
				27DE579B19089B8300F01542 /* MMFFlashCardTimeTests-Info.plist */,
				27DE579C19089B8300F01542 /* InfoPlist.strings */,
			);
			name = "Supporting Files";
			sourceTree = "<group>";
		};
		27DE57AE19089C9000F01542 /* Views */ = {
			isa = PBXGroup;
			children = (
				27DE57A919089BA300F01542 /* Storyboard.storyboard */,
			);
			name = Views;
			sourceTree = "<group>";
		};
		27DE57AF19089C9C00F01542 /* Controllers */ = {
			isa = PBXGroup;
			children = (
				27DE57AB19089BE200F01542 /* MMFMainViewController.h */,
				27DE57AC19089BE200F01542 /* MMFMainViewController.m */,
				27DE57B41908A0FA00F01542 /* MMFProblemViewController.h */,
				27DE57B51908A0FA00F01542 /* MMFProblemViewController.m */,
				27DE57B71908A4B700F01542 /* MMFCompletedViewController.h */,
				27DE57B81908A4B700F01542 /* MMFCompletedViewController.m */,
				2780B14B1930CCDA00E0DF53 /* MMFGameSettingsViewController.h */,
				2780B14C1930CCDA00E0DF53 /* MMFGameSettingsViewController.m */,
			);
			name = Controllers;
			sourceTree = "<group>";
		};
		27DE57B019089CA700F01542 /* Model */ = {
			isa = PBXGroup;
			children = (
				27DE57B119089CD300F01542 /* MMFDataController.h */,
				27DE57B219089CD300F01542 /* MMFDataController.m */,
				27ECD9F3190C9F1A006D96DD /* MMFProblem.h */,
				27ECD9F4190C9F1A006D96DD /* MMFProblem.m */,
				27287E43190D55A6007FCA38 /* MMFTest.h */,
				27287E44190D55A6007FCA38 /* MMFTest.m */,
				2780B1481930408900E0DF53 /* MMFGameSettings.h */,
				2780B1491930408900E0DF53 /* MMFGameSettings.m */,
			);
			name = Model;
			sourceTree = "<group>";
		};
/* End PBXGroup section */

/* Begin PBXNativeTarget section */
		27DE577019089B8300F01542 /* MMFFlashCardTime */ = {
			isa = PBXNativeTarget;
			buildConfigurationList = 27DE57A319089B8300F01542 /* Build configuration list for PBXNativeTarget "MMFFlashCardTime" */;
			buildPhases = (
				27DE576D19089B8300F01542 /* Sources */,
				27DE576E19089B8300F01542 /* Frameworks */,
				27DE576F19089B8300F01542 /* Resources */,
			);
			buildRules = (
			);
			dependencies = (
			);
			name = MMFFlashCardTime;
			productName = MMFFlashCardTime;
			productReference = 27DE577119089B8300F01542 /* MMFFlashCardTime.app */;
			productType = "com.apple.product-type.application";
		};
		27DE579019089B8300F01542 /* MMFFlashCardTimeTests */ = {
			isa = PBXNativeTarget;
			buildConfigurationList = 27DE57A619089B8300F01542 /* Build configuration list for PBXNativeTarget "MMFFlashCardTimeTests" */;
			buildPhases = (
				27DE578D19089B8300F01542 /* Sources */,
				27DE578E19089B8300F01542 /* Frameworks */,
				27DE578F19089B8300F01542 /* Resources */,
			);
			buildRules = (
			);
			dependencies = (
				27DE579819089B8300F01542 /* PBXTargetDependency */,
			);
			name = MMFFlashCardTimeTests;
			productName = MMFFlashCardTimeTests;
			productReference = 27DE579119089B8300F01542 /* MMFFlashCardTimeTests.xctest */;
			productType = "com.apple.product-type.bundle.unit-test";
		};
/* End PBXNativeTarget section */

/* Begin PBXProject section */
		27DE576919089B8300F01542 /* Project object */ = {
			isa = PBXProject;
			attributes = {
				CLASSPREFIX = MMF;
				LastUpgradeCheck = 0510;
				ORGANIZATIONNAME = "Michael Folcher";
				TargetAttributes = {
					27DE579019089B8300F01542 = {
						TestTargetID = 27DE577019089B8300F01542;
					};
				};
			};
			buildConfigurationList = 27DE576C19089B8300F01542 /* Build configuration list for PBXProject "MMFFlashCardTime" */;
			compatibilityVersion = "Xcode 3.2";
			developmentRegion = English;
			hasScannedForEncodings = 0;
			knownRegions = (
				en,
			);
			mainGroup = 27DE576819089B8300F01542;
			productRefGroup = 27DE577219089B8300F01542 /* Products */;
			projectDirPath = "";
			projectRoot = "";
			targets = (
				27DE577019089B8300F01542 /* MMFFlashCardTime */,
				27DE579019089B8300F01542 /* MMFFlashCardTimeTests */,
			);
		};
/* End PBXProject section */

/* Begin PBXResourcesBuildPhase section */
		27DE576F19089B8300F01542 /* Resources */ = {
			isa = PBXResourcesBuildPhase;
			buildActionMask = 2147483647;
			files = (
				27DE578119089B8300F01542 /* InfoPlist.strings in Resources */,
				27DE578C19089B8300F01542 /* Images.xcassets in Resources */,
				27DE57AA19089BA300F01542 /* Storyboard.storyboard in Resources */,
			);
			runOnlyForDeploymentPostprocessing = 0;
		};
		27DE578F19089B8300F01542 /* Resources */ = {
			isa = PBXResourcesBuildPhase;
			buildActionMask = 2147483647;
			files = (
				27DE579E19089B8300F01542 /* InfoPlist.strings in Resources */,
			);
			runOnlyForDeploymentPostprocessing = 0;
		};
/* End PBXResourcesBuildPhase section */

/* Begin PBXSourcesBuildPhase section */
		27DE576D19089B8300F01542 /* Sources */ = {
			isa = PBXSourcesBuildPhase;
			buildActionMask = 2147483647;
			files = (
				27ECD9F5190C9F1A006D96DD /* MMFProblem.m in Sources */,
				27DE57B91908A4B700F01542 /* MMFCompletedViewController.m in Sources */,
				27287E45190D55A6007FCA38 /* MMFTest.m in Sources */,
				2780B14A1930408900E0DF53 /* MMFGameSettings.m in Sources */,
				2780B14D1930CCDA00E0DF53 /* MMFGameSettingsViewController.m in Sources */,
				27DE57B319089CD300F01542 /* MMFDataController.m in Sources */,
				27DE578A19089B8300F01542 /* MMFFlashCardTime.xcdatamodeld in Sources */,
				27DE578319089B8300F01542 /* main.m in Sources */,
				27DE57B61908A0FA00F01542 /* MMFProblemViewController.m in Sources */,
				27287E41190D5048007FCA38 /* UIAlertView+SimplePopupMessage.m in Sources */,
				27DE57AD19089BE200F01542 /* MMFMainViewController.m in Sources */,
				27DE578719089B8300F01542 /* MMFAppDelegate.m in Sources */,
			);
			runOnlyForDeploymentPostprocessing = 0;
		};
		27DE578D19089B8300F01542 /* Sources */ = {
			isa = PBXSourcesBuildPhase;
			buildActionMask = 2147483647;
			files = (
				27DE57A019089B8300F01542 /* MMFFlashCardTimeTests.m in Sources */,
			);
			runOnlyForDeploymentPostprocessing = 0;
		};
/* End PBXSourcesBuildPhase section */

/* Begin PBXTargetDependency section */
		27DE579819089B8300F01542 /* PBXTargetDependency */ = {
			isa = PBXTargetDependency;
			target = 27DE577019089B8300F01542 /* MMFFlashCardTime */;
			targetProxy = 27DE579719089B8300F01542 /* PBXContainerItemProxy */;
		};
/* End PBXTargetDependency section */

/* Begin PBXVariantGroup section */
		27DE577F19089B8300F01542 /* InfoPlist.strings */ = {
			isa = PBXVariantGroup;
			children = (
				27DE578019089B8300F01542 /* en */,
			);
			name = InfoPlist.strings;
			sourceTree = "<group>";
		};
		27DE579C19089B8300F01542 /* InfoPlist.strings */ = {
			isa = PBXVariantGroup;
			children = (
				27DE579D19089B8300F01542 /* en */,
			);
			name = InfoPlist.strings;
			sourceTree = "<group>";
		};
/* End PBXVariantGroup section */

/* Begin XCBuildConfiguration section */
		27DE57A119089B8300F01542 /* Debug */ = {
			isa = XCBuildConfiguration;
			buildSettings = {
				ALWAYS_SEARCH_USER_PATHS = NO;
				CLANG_CXX_LANGUAGE_STANDARD = "gnu++0x";
				CLANG_CXX_LIBRARY = "libc++";
				CLANG_ENABLE_MODULES = YES;
				CLANG_ENABLE_OBJC_ARC = YES;
				CLANG_WARN_BOOL_CONVERSION = YES;
				CLANG_WARN_CONSTANT_CONVERSION = YES;
				CLANG_WARN_DIRECT_OBJC_ISA_USAGE = YES_ERROR;
				CLANG_WARN_EMPTY_BODY = YES;
				CLANG_WARN_ENUM_CONVERSION = YES;
				CLANG_WARN_INT_CONVERSION = YES;
				CLANG_WARN_OBJC_ROOT_CLASS = YES_ERROR;
				CLANG_WARN__DUPLICATE_METHOD_MATCH = YES;
				"CODE_SIGN_IDENTITY[sdk=iphoneos*]" = "iPhone Developer";
				COPY_PHASE_STRIP = NO;
				GCC_C_LANGUAGE_STANDARD = gnu99;
				GCC_DYNAMIC_NO_PIC = NO;
				GCC_OPTIMIZATION_LEVEL = 0;
				GCC_PREPROCESSOR_DEFINITIONS = (
					"DEBUG=1",
					"$(inherited)",
				);
				GCC_SYMBOLS_PRIVATE_EXTERN = NO;
				GCC_WARN_64_TO_32_BIT_CONVERSION = YES;
				GCC_WARN_ABOUT_RETURN_TYPE = YES_ERROR;
				GCC_WARN_UNDECLARED_SELECTOR = YES;
				GCC_WARN_UNINITIALIZED_AUTOS = YES_AGGRESSIVE;
				GCC_WARN_UNUSED_FUNCTION = YES;
				GCC_WARN_UNUSED_VARIABLE = YES;
				IPHONEOS_DEPLOYMENT_TARGET = 7.1;
				ONLY_ACTIVE_ARCH = YES;
				SDKROOT = iphoneos;
			};
			name = Debug;
		};
		27DE57A219089B8300F01542 /* Release */ = {
			isa = XCBuildConfiguration;
			buildSettings = {
				ALWAYS_SEARCH_USER_PATHS = NO;
				CLANG_CXX_LANGUAGE_STANDARD = "gnu++0x";
				CLANG_CXX_LIBRARY = "libc++";
				CLANG_ENABLE_MODULES = YES;
				CLANG_ENABLE_OBJC_ARC = YES;
				CLANG_WARN_BOOL_CONVERSION = YES;
				CLANG_WARN_CONSTANT_CONVERSION = YES;
				CLANG_WARN_DIRECT_OBJC_ISA_USAGE = YES_ERROR;
				CLANG_WARN_EMPTY_BODY = YES;
				CLANG_WARN_ENUM_CONVERSION = YES;
				CLANG_WARN_INT_CONVERSION = YES;
				CLANG_WARN_OBJC_ROOT_CLASS = YES_ERROR;
				CLANG_WARN__DUPLICATE_METHOD_MATCH = YES;
				"CODE_SIGN_IDENTITY[sdk=iphoneos*]" = "iPhone Developer";
				COPY_PHASE_STRIP = YES;
				ENABLE_NS_ASSERTIONS = NO;
				GCC_C_LANGUAGE_STANDARD = gnu99;
				GCC_WARN_64_TO_32_BIT_CONVERSION = YES;
				GCC_WARN_ABOUT_RETURN_TYPE = YES_ERROR;
				GCC_WARN_UNDECLARED_SELECTOR = YES;
				GCC_WARN_UNINITIALIZED_AUTOS = YES_AGGRESSIVE;
				GCC_WARN_UNUSED_FUNCTION = YES;
				GCC_WARN_UNUSED_VARIABLE = YES;
				IPHONEOS_DEPLOYMENT_TARGET = 7.1;
				SDKROOT = iphoneos;
				VALIDATE_PRODUCT = YES;
			};
			name = Release;
		};
		27DE57A419089B8300F01542 /* Debug */ = {
			isa = XCBuildConfiguration;
			buildSettings = {
				ASSETCATALOG_COMPILER_APPICON_NAME = AppIcon;
				ASSETCATALOG_COMPILER_LAUNCHIMAGE_NAME = LaunchImage;
				GCC_PRECOMPILE_PREFIX_HEADER = YES;
				GCC_PREFIX_HEADER = "MMFFlashCardTime/MMFFlashCardTime-Prefix.pch";
				INFOPLIST_FILE = "MMFFlashCardTime/MMFFlashCardTime-Info.plist";
				PRODUCT_NAME = "$(TARGET_NAME)";
				WRAPPER_EXTENSION = app;
			};
			name = Debug;
		};
		27DE57A519089B8300F01542 /* Release */ = {
			isa = XCBuildConfiguration;
			buildSettings = {
				ASSETCATALOG_COMPILER_APPICON_NAME = AppIcon;
				ASSETCATALOG_COMPILER_LAUNCHIMAGE_NAME = LaunchImage;
				GCC_PRECOMPILE_PREFIX_HEADER = YES;
				GCC_PREFIX_HEADER = "MMFFlashCardTime/MMFFlashCardTime-Prefix.pch";
				INFOPLIST_FILE = "MMFFlashCardTime/MMFFlashCardTime-Info.plist";
				PRODUCT_NAME = "$(TARGET_NAME)";
				WRAPPER_EXTENSION = app;
			};
			name = Release;
		};
		27DE57A719089B8300F01542 /* Debug */ = {
			isa = XCBuildConfiguration;
			buildSettings = {
				BUNDLE_LOADER = "$(BUILT_PRODUCTS_DIR)/MMFFlashCardTime.app/MMFFlashCardTime";
				FRAMEWORK_SEARCH_PATHS = (
					"$(SDKROOT)/Developer/Library/Frameworks",
					"$(inherited)",
					"$(DEVELOPER_FRAMEWORKS_DIR)",
				);
				GCC_PRECOMPILE_PREFIX_HEADER = YES;
				GCC_PREFIX_HEADER = "MMFFlashCardTime/MMFFlashCardTime-Prefix.pch";
				GCC_PREPROCESSOR_DEFINITIONS = (
					"DEBUG=1",
					"$(inherited)",
				);
				INFOPLIST_FILE = "MMFFlashCardTimeTests/MMFFlashCardTimeTests-Info.plist";
				PRODUCT_NAME = "$(TARGET_NAME)";
				TEST_HOST = "$(BUNDLE_LOADER)";
				WRAPPER_EXTENSION = xctest;
			};
			name = Debug;
		};
		27DE57A819089B8300F01542 /* Release */ = {
			isa = XCBuildConfiguration;
			buildSettings = {
				BUNDLE_LOADER = "$(BUILT_PRODUCTS_DIR)/MMFFlashCardTime.app/MMFFlashCardTime";
				FRAMEWORK_SEARCH_PATHS = (
					"$(SDKROOT)/Developer/Library/Frameworks",
					"$(inherited)",
					"$(DEVELOPER_FRAMEWORKS_DIR)",
				);
				GCC_PRECOMPILE_PREFIX_HEADER = YES;
				GCC_PREFIX_HEADER = "MMFFlashCardTime/MMFFlashCardTime-Prefix.pch";
				INFOPLIST_FILE = "MMFFlashCardTimeTests/MMFFlashCardTimeTests-Info.plist";
				PRODUCT_NAME = "$(TARGET_NAME)";
				TEST_HOST = "$(BUNDLE_LOADER)";
				WRAPPER_EXTENSION = xctest;
			};
			name = Release;
		};
/* End XCBuildConfiguration section */

/* Begin XCConfigurationList section */
		27DE576C19089B8300F01542 /* Build configuration list for PBXProject "MMFFlashCardTime" */ = {
			isa = XCConfigurationList;
			buildConfigurations = (
				27DE57A119089B8300F01542 /* Debug */,
				27DE57A219089B8300F01542 /* Release */,
			);
			defaultConfigurationIsVisible = 0;
			defaultConfigurationName = Release;
		};
		27DE57A319089B8300F01542 /* Build configuration list for PBXNativeTarget "MMFFlashCardTime" */ = {
			isa = XCConfigurationList;
			buildConfigurations = (
				27DE57A419089B8300F01542 /* Debug */,
				27DE57A519089B8300F01542 /* Release */,
			);
			defaultConfigurationIsVisible = 0;
			defaultConfigurationName = Release;
		};
		27DE57A619089B8300F01542 /* Build configuration list for PBXNativeTarget "MMFFlashCardTimeTests" */ = {
			isa = XCConfigurationList;
			buildConfigurations = (
				27DE57A719089B8300F01542 /* Debug */,
				27DE57A819089B8300F01542 /* Release */,
			);
			defaultConfigurationIsVisible = 0;
			defaultConfigurationName = Release;
		};
/* End XCConfigurationList section */

/* Begin XCVersionGroup section */
		27DE578819089B8300F01542 /* MMFFlashCardTime.xcdatamodeld */ = {
			isa = XCVersionGroup;
			children = (
				27DE578919089B8300F01542 /* MMFFlashCardTime.xcdatamodel */,
			);
			currentVersion = 27DE578919089B8300F01542 /* MMFFlashCardTime.xcdatamodel */;
			path = MMFFlashCardTime.xcdatamodeld;
			sourceTree = "<group>";
			versionGroupType = wrapper.xcdatamodel;
		};
/* End XCVersionGroup section */
	};
	rootObject = 27DE576919089B8300F01542 /* Project object */;
}
